
Microsoft Visual Studio Solution File, Format Version 12.00
# Visual Studio 15
Project("{FAE04EC0-301F-11D3-BF4B-00C04F79EFBC}") = "AuthO", "AuthO\AuthO.csproj", "{3042AF7B-4F54-4658-B80E-F5CFE50A065F}"
EndProject
Global
	GlobalSection(SolutionConfigurationPlatforms) = preSolution
		Debug|Any CPU = Debug|Any CPU
		Release|Any CPU = Release|Any CPU
	EndGlobalSection
	GlobalSection(ProjectConfigurationPlatforms) = postSolution
		{3042AF7B-4F54-4658-B80E-F5CFE50A065F}.Debug|Any CPU.ActiveCfg = Debug|Any CPU
		{3042AF7B-4F54-4658-B80E-F5CFE50A065F}.Debug|Any CPU.Build.0 = Debug|Any CPU
		{3042AF7B-4F54-4658-B80E-F5CFE50A065F}.Release|Any CPU.ActiveCfg = Release|Any CPU
		{3042AF7B-4F54-4658-B80E-F5CFE50A065F}.Release|Any CPU.Build.0 = Release|Any CPU
	EndGlobalSection
EndGlobal
